Microsoft Visual Studio Solution File, Format Version 12.00
# Visual Studio 14
VisualStudioVersion = 14.0.25123.0
MinimumVisualStudioVersion = 10.0.40219.1
Project("{FAE04EC0-301F-11D3-BF4B-00C04F79EFBC}") = "CSharpCodeGenerator", "CSharpCodeGenerator.csproj", "{4371EA70-9D22-481F-BA10-AF256394214D}"
EndProject
Project("{FAE04EC0-301F-11D3-BF4B-00C04F79EFBC}") = "CSharpCodeGenerator.Tests", "Tests\CSharpCodeGenerator.Tests.csproj", "{5FAB2364-7086-4269-AD3E-5E8D2913A9B4}"
EndProject
Project("{FAE04EC0-301F-11D3-BF4B-00C04F79EFBC}") = "CSharpCodeGenerator.TestFixtures", "Fixtures\CSharpCodeGenerator.TestFixtures.csproj", "{CFFDB482-59F0-48F4-8E8C-D3D4BA5F8529}"
EndProject
Global
	GlobalSection(SolutionConfigurationPlatforms) = preSolution
		Debug|Any CPU = Debug|Any CPU
		Debug|x86 = Debug|x86
		Release|Any CPU = Release|Any CPU
		Release|x86 = Release|x86
	EndGlobalSection
	GlobalSection(ProjectConfigurationPlatforms) = postSolution
		{4371EA70-9D22-481F-BA10-AF256394214D}.Debug|Any CPU.ActiveCfg = Debug|x86
		{4371EA70-9D22-481F-BA10-AF256394214D}.Debug|x86.ActiveCfg = Debug|x86
		{4371EA70-9D22-481F-BA10-AF256394214D}.Debug|x86.Build.0 = Debug|x86
		{4371EA70-9D22-481F-BA10-AF256394214D}.Release|Any CPU.ActiveCfg = Release|x86
		{4371EA70-9D22-481F-BA10-AF256394214D}.Release|x86.ActiveCfg = Release|x86
		{4371EA70-9D22-481F-BA10-AF256394214D}.Release|x86.Build.0 = Release|x86
		{5FAB2364-7086-4269-AD3E-5E8D2913A9B4}.Debug|Any CPU.ActiveCfg = Debug|Any CPU
		{5FAB2364-7086-4269-AD3E-5E8D2913A9B4}.Debug|Any CPU.Build.0 = Debug|Any CPU
		{5FAB2364-7086-4269-AD3E-5E8D2913A9B4}.Debug|x86.ActiveCfg = Debug|Any CPU
		{5FAB2364-7086-4269-AD3E-5E8D2913A9B4}.Debug|x86.Build.0 = Debug|Any CPU
		{5FAB2364-7086-4269-AD3E-5E8D2913A9B4}.Release|Any CPU.ActiveCfg = Release|Any CPU
		{5FAB2364-7086-4269-AD3E-5E8D2913A9B4}.Release|Any CPU.Build.0 = Release|Any CPU
		{5FAB2364-7086-4269-AD3E-5E8D2913A9B4}.Release|x86.ActiveCfg = Release|Any CPU
		{5FAB2364-7086-4269-AD3E-5E8D2913A9B4}.Release|x86.Build.0 = Release|Any CPU
		{CFFDB482-59F0-48F4-8E8C-D3D4BA5F8529}.Debug|Any CPU.ActiveCfg = Debug|Any CPU
		{CFFDB482-59F0-48F4-8E8C-D3D4BA5F8529}.Debug|Any CPU.Build.0 = Debug|Any CPU
		{CFFDB482-59F0-48F4-8E8C-D3D4BA5F8529}.Debug|x86.ActiveCfg = Debug|Any CPU
		{CFFDB482-59F0-48F4-8E8C-D3D4BA5F8529}.Debug|x86.Build.0 = Debug|Any CPU
		{CFFDB482-59F0-48F4-8E8C-D3D4BA5F8529}.Release|Any CPU.ActiveCfg = Release|Any CPU
		{CFFDB482-59F0-48F4-8E8C-D3D4BA5F8529}.Release|Any CPU.Build.0 = Release|Any CPU
		{CFFDB482-59F0-48F4-8E8C-D3D4BA5F8529}.Release|x86.ActiveCfg = Release|Any CPU
		{CFFDB482-59F0-48F4-8E8C-D3D4BA5F8529}.Release|x86.Build.0 = Release|Any CPU
	EndGlobalSection
	GlobalSection(SolutionProperties) = preSolution
		HideSolutionNode = FALSE
	EndGlobalSection
	GlobalSection(MonoDevelopProperties) = preSolution
		Policies = $0
		$0.DotNetNamingPolicy = $1
		$1.DirectoryNamespaceAssociation = None
		$1.ResourceNamePolicy = FileName
		$0.TextStylePolicy = $2
		$2.inheritsSet = VisualStudio
		$2.inheritsScope = text/plain
		$2.scope = text/plain
		$0.CSharpFormattingPolicy = $3
		$3.inheritsSet = Mono
		$3.inheritsScope = text/x-csharp
		$3.scope = text/x-csharp
		$0.StandardHeader = $4
		$4.Text = 
		$4.IncludeInNewFiles = True
		$0.NameConventionPolicy = $5
		$5.Rules = $6
		$6.NamingRule = $25
		$7.Name = Constants (local)
		$7.AffectedEntity = LocalConstant
		$7.VisibilityMask = VisibilityMask
		$7.NamingStyle = CamelCase
		$7.IncludeInstanceMembers = True
		$7.IncludeStaticEntities = True
		$7.RequiredPrefixes = $26
		$26.String = T
		$7.RequiredSuffixes = $27
		$27.String = Exception
		$8.Name = Interfaces
		$8.RequiredPrefixes = $9
		$9.String = I
		$8.AffectedEntity = Interface
		$8.VisibilityMask = VisibilityMask
		$8.NamingStyle = PascalCase
		$8.IncludeInstanceMembers = True
		$8.IncludeStaticEntities = True
		$10.Name = Attributes
		$10.RequiredSuffixes = $11
		$11.String = Attribute
		$10.AffectedEntity = CustomAttributes
		$10.VisibilityMask = VisibilityMask
		$10.NamingStyle = PascalCase
		$10.IncludeInstanceMembers = True
		$10.IncludeStaticEntities = True
		$12.Name = Event Args
		$12.RequiredSuffixes = $13
		$13.String = EventArgs
		$12.AffectedEntity = CustomEventArgs
		$12.VisibilityMask = VisibilityMask
		$12.NamingStyle = PascalCase
		$12.IncludeInstanceMembers = True
		$12.IncludeStaticEntities = True
		$14.Name = Exceptions
		$14.RequiredSuffixes = $15
		$15.String = Exception
		$14.AffectedEntity = CustomExceptions
		$14.VisibilityMask = VisibilityMask
		$14.NamingStyle = PascalCase
		$14.IncludeInstanceMembers = True
		$14.IncludeStaticEntities = True
		$16.Name = camelCase
		$16.AffectedEntity = Property, Parameter, LambdaParameter, LocalVariable
		$16.VisibilityMask = VisibilityMask
		$16.NamingStyle = CamelCaseWithLowerLetterUnderscore
		$16.IncludeInstanceMembers = True
		$16.IncludeStaticEntities = True
		$17.Name = Fields (non public)
		$17.RequiredPrefixes = $18
		$18.String = _
		$17.AffectedEntity = Field, ReadonlyField
		$17.VisibilityMask = Private, Internal, Protected
		$17.NamingStyle = CamelCase
		$17.IncludeInstanceMembers = True
		$17.IncludeStaticEntities = True
		$19.Name = Fields
		$19.AffectedEntity = Field, ReadonlyField
		$19.VisibilityMask = Public
		$19.NamingStyle = CamelCase
		$19.IncludeInstanceMembers = True
		$19.IncludeStaticEntities = True
		$20.Name = Methods (public)
		$20.AffectedEntity = Methods
		$20.VisibilityMask = Public
		$20.NamingStyle = PascalCase
		$20.IncludeInstanceMembers = True
		$20.IncludeStaticEntities = True
		$21.Name = Methods
		$21.AffectedEntity = Methods
		$21.VisibilityMask = Private, Internal, Protected
		$21.NamingStyle = CamelCase
		$21.IncludeInstanceMembers = True
		$21.IncludeStaticEntities = True
		$22.Name = Type Parameters
		$22.RequiredPrefixes = $23
		$23.String = T
		$22.AffectedEntity = TypeParameter
		$22.VisibilityMask = VisibilityMask
		$22.NamingStyle = PascalCase
		$22.IncludeInstanceMembers = True
		$22.IncludeStaticEntities = True
		$24.Name = Constants
		$24.AffectedEntity = ConstantField
		$24.VisibilityMask = VisibilityMask
		$24.NamingStyle = AllUpper
		$24.IncludeInstanceMembers = True
		$24.IncludeStaticEntities = True
		$25.Name = Constants (local)
		$25.AffectedEntity = LocalConstant
		$25.VisibilityMask = VisibilityMask
		$25.NamingStyle = CamelCase
		$25.IncludeInstanceMembers = True
		$25.IncludeStaticEntities = True
	EndGlobalSection
EndGlobal
